
Microsoft Visual Studio Solution File, Format Version 12.00
Project("{FAE04EC0-301F-11D3-BF4B-00C04F79EFBC}") = "RepositoryTemplate.Api", "RepositoryTemplate.Api\RepositoryTemplate.Api.csproj", "{077DCC31-18C9-44D1-9932-74971E1B23EB}"
EndProject
Project("{FAE04EC0-301F-11D3-BF4B-00C04F79EFBC}") = "RepositoryTemplate.Repository", "RepositoryTemplate.Repository\RepositoryTemplate.Repository.csproj", "{B269FC2A-02CB-4242-A886-B3F598C5D852}"
EndProject
Project("{FAE04EC0-301F-11D3-BF4B-00C04F79EFBC}") = "RepositoryTemplate.Data", "RepositoryTemplate.Data\RepositoryTemplate.Data.csproj", "{376733EF-3882-4EC9-8E42-34B30CF028A7}"
EndProject
Project("{54A90642-561A-4BB1-A94E-469ADEE60C69}") = "RepositoryTemplate.UI", "RepositoryTemplate.UI\RepositoryTemplate.UI.esproj", "{7433F063-4DB3-487F-B62B-603D4C77D597}"
EndProject
Global
	GlobalSection(SolutionConfigurationPlatforms) = preSolution
		Debug|Any CPU = Debug|Any CPU
		Release|Any CPU = Release|Any CPU
	EndGlobalSection
	GlobalSection(ProjectConfigurationPlatforms) = postSolution
		{077DCC31-18C9-44D1-9932-74971E1B23EB}.Debug|Any CPU.ActiveCfg = Debug|Any CPU
		{077DCC31-18C9-44D1-9932-74971E1B23EB}.Debug|Any CPU.Build.0 = Debug|Any CPU
		{077DCC31-18C9-44D1-9932-74971E1B23EB}.Release|Any CPU.ActiveCfg = Release|Any CPU
		{077DCC31-18C9-44D1-9932-74971E1B23EB}.Release|Any CPU.Build.0 = Release|Any CPU
		{B269FC2A-02CB-4242-A886-B3F598C5D852}.Debug|Any CPU.ActiveCfg = Debug|Any CPU
		{B269FC2A-02CB-4242-A886-B3F598C5D852}.Debug|Any CPU.Build.0 = Debug|Any CPU
		{B269FC2A-02CB-4242-A886-B3F598C5D852}.Release|Any CPU.ActiveCfg = Release|Any CPU
		{B269FC2A-02CB-4242-A886-B3F598C5D852}.Release|Any CPU.Build.0 = Release|Any CPU
		{376733EF-3882-4EC9-8E42-34B30CF028A7}.Debug|Any CPU.ActiveCfg = Debug|Any CPU
		{376733EF-3882-4EC9-8E42-34B30CF028A7}.Debug|Any CPU.Build.0 = Debug|Any CPU
		{376733EF-3882-4EC9-8E42-34B30CF028A7}.Release|Any CPU.ActiveCfg = Release|Any CPU
		{376733EF-3882-4EC9-8E42-34B30CF028A7}.Release|Any CPU.Build.0 = Release|Any CPU
	EndGlobalSection
EndGlobal
